
Microsoft Visual Studio Solution File, Format Version 12.00
# Visual Studio Version 17
VisualStudioVersion = 17.0.31903.59
MinimumVisualStudioVersion = 10.0.40219.1
Project("{FAE04EC0-301F-11D3-BF4B-00C04F79EFBC}") = "MoneyManagement", "MoneyManagement\MoneyManagement.csproj", "{B563A943-A3AC-4659-B31A-65BC45A87A3E}"
EndProject
Project("{2150E333-8FDC-42A3-9474-1A3956D46DE8}") = "Solution Items", "Solution Items", "{E29CAFFF-9A3B-434A-B8E7-27065A49D792}"
	ProjectSection(SolutionItems) = preProject
		README.md = README.md
	EndProjectSection
EndProject
Project("{FAE04EC0-301F-11D3-BF4B-00C04F79EFBC}") = "MusicalInstruments", "MusicalInstruments\MusicalInstruments.csproj", "{2A798F59-0135-4379-9FD3-0F6DF4B6D79E}"
EndProject
Project("{FAE04EC0-301F-11D3-BF4B-00C04F79EFBC}") = "NumberConverter", "NumberConverter\NumberConverter.csproj", "{251B6407-0A63-4795-A520-D525BA0BAC83}"
EndProject
Global
	GlobalSection(SolutionConfigurationPlatforms) = preSolution
		Debug|Any CPU = Debug|Any CPU
		Release|Any CPU = Release|Any CPU
	EndGlobalSection
	GlobalSection(ProjectConfigurationPlatforms) = postSolution
		{B563A943-A3AC-4659-B31A-65BC45A87A3E}.Debug|Any CPU.ActiveCfg = Debug|Any CPU
		{B563A943-A3AC-4659-B31A-65BC45A87A3E}.Debug|Any CPU.Build.0 = Debug|Any CPU
		{B563A943-A3AC-4659-B31A-65BC45A87A3E}.Release|Any CPU.ActiveCfg = Release|Any CPU
		{B563A943-A3AC-4659-B31A-65BC45A87A3E}.Release|Any CPU.Build.0 = Release|Any CPU
		{2A798F59-0135-4379-9FD3-0F6DF4B6D79E}.Debug|Any CPU.ActiveCfg = Debug|Any CPU
		{2A798F59-0135-4379-9FD3-0F6DF4B6D79E}.Debug|Any CPU.Build.0 = Debug|Any CPU
		{2A798F59-0135-4379-9FD3-0F6DF4B6D79E}.Release|Any CPU.ActiveCfg = Release|Any CPU
		{2A798F59-0135-4379-9FD3-0F6DF4B6D79E}.Release|Any CPU.Build.0 = Release|Any CPU
		{251B6407-0A63-4795-A520-D525BA0BAC83}.Debug|Any CPU.ActiveCfg = Debug|Any CPU
		{251B6407-0A63-4795-A520-D525BA0BAC83}.Debug|Any CPU.Build.0 = Debug|Any CPU
		{251B6407-0A63-4795-A520-D525BA0BAC83}.Release|Any CPU.ActiveCfg = Release|Any CPU
		{251B6407-0A63-4795-A520-D525BA0BAC83}.Release|Any CPU.Build.0 = Release|Any CPU
	EndGlobalSection
	GlobalSection(SolutionProperties) = preSolution
		HideSolutionNode = FALSE
	EndGlobalSection
EndGlobal
